// !$*UTF8*$!
{
	archiveVersion = 1;
	classes = {
	};
	objectVersion = 56;
	objects = {

/* Begin PBXBuildFile section */
		8F45E0162B0E316400A6ED66 /* LabApp.swift in Sources */ = {isa = PBXBuildFile; fileRef = 8F45E0152B0E316400A6ED66 /* LabApp.swift */; };
		8F45E0182B0E316400A6ED66 /* ContentView.swift in Sources */ = {isa = PBXBuildFile; fileRef = 8F45E0172B0E316400A6ED66 /* ContentView.swift */; };
		8F45E01A2B0E316D00A6ED66 /* Assets.xcassets in Resources */ = {isa = PBXBuildFile; fileRef = 8F45E0192B0E316D00A6ED66 /* Assets.xcassets */; };
		8F45E01D2B0E316D00A6ED66 /* Preview Assets.xcassets in Resources */ = {isa = PBXBuildFile; fileRef = 8F45E01C2B0E316D00A6ED66 /* Preview Assets.xcassets */; };
		8F45E0252B10C49200A6ED66 /* Font_text.swift in Sources */ = {isa = PBXBuildFile; fileRef = 8F45E0242B10C49100A6ED66 /* Font_text.swift */; };
		8F6D1C4A2B13599F00898A17 /* Search.swift in Sources */ = {isa = PBXBuildFile; fileRef = 8F6D1C492B13599F00898A17 /* Search.swift */; };
		8F6D1C4E2B13617100898A17 /* Buttons.swift in Sources */ = {isa = PBXBuildFile; fileRef = 8F6D1C4D2B13617100898A17 /* Buttons.swift */; };
		8F73DD922B1330F000B6C6C1 /* Header.swift in Sources */ = {isa = PBXBuildFile; fileRef = 8F73DD912B1330F000B6C6C1 /* Header.swift */; };
		8F73DD942B134E5600B6C6C1 /* Card.swift in Sources */ = {isa = PBXBuildFile; fileRef = 8F73DD932B134E5600B6C6C1 /* Card.swift */; };
/* End PBXBuildFile section */

/* Begin PBXFileReference section */
		8F45E0122B0E316400A6ED66 /* Lab.app */ = {isa = PBXFileReference; explicitFileType = wrapper.application; includeInIndex = 0; path = Lab.app; sourceTree = BUILT_PRODUCTS_DIR; };
		8F45E0152B0E316400A6ED66 /* LabApp.swift */ = {isa = PBXFileReference; lastKnownFileType = sourcecode.swift; path = LabApp.swift; sourceTree = "<group>"; };
		8F45E0172B0E316400A6ED66 /* ContentView.swift */ = {isa = PBXFileReference; lastKnownFileType = sourcecode.swift; path = ContentView.swift; sourceTree = "<group>"; };
		8F45E0192B0E316D00A6ED66 /* Assets.xcassets */ = {isa = PBXFileReference; lastKnownFileType = folder.assetcatalog; path = Assets.xcassets; sourceTree = "<group>"; };
		8F45E01C2B0E316D00A6ED66 /* Preview Assets.xcassets */ = {isa = PBXFileReference; lastKnownFileType = folder.assetcatalog; path = "Preview Assets.xcassets"; sourceTree = "<group>"; };
		8F45E0242B10C49100A6ED66 /* Font_text.swift */ = {isa = PBXFileReference; lastKnownFileType = sourcecode.swift; path = Font_text.swift; sourceTree = "<group>"; };
		8F6D1C492B13599F00898A17 /* Search.swift */ = {isa = PBXFileReference; lastKnownFileType = sourcecode.swift; path = Search.swift; sourceTree = "<group>"; };
		8F6D1C4D2B13617100898A17 /* Buttons.swift */ = {isa = PBXFileReference; lastKnownFileType = sourcecode.swift; path = Buttons.swift; sourceTree = "<group>"; };
		8F73DD912B1330F000B6C6C1 /* Header.swift */ = {isa = PBXFileReference; lastKnownFileType = sourcecode.swift; path = Header.swift; sourceTree = "<group>"; };
		8F73DD932B134E5600B6C6C1 /* Card.swift */ = {isa = PBXFileReference; lastKnownFileType = sourcecode.swift; path = Card.swift; sourceTree = "<group>"; };
/* End PBXFileReference section */

/* Begin PBXFrameworksBuildPhase section */
		8F45E00F2B0E316400A6ED66 /* Frameworks */ = {
			isa = PBXFrameworksBuildPhase;
			buildActionMask = 2147483647;
			files = (
			);
			runOnlyForDeploymentPostprocessing = 0;
		};
/* End PBXFrameworksBuildPhase section */

/* Begin PBXGroup section */
		8F45E0092B0E316400A6ED66 = {
			isa = PBXGroup;
			children = (
				8F45E0142B0E316400A6ED66 /* Lab */,
				8F45E0132B0E316400A6ED66 /* Products */,
			);
			sourceTree = "<group>";
		};
		8F45E0132B0E316400A6ED66 /* Products */ = {
			isa = PBXGroup;
			children = (
				8F45E0122B0E316400A6ED66 /* Lab.app */,
			);
			name = Products;
			sourceTree = "<group>";
		};
		8F45E0142B0E316400A6ED66 /* Lab */ = {
			isa = PBXGroup;
			children = (
				8F73DD902B1330CE00B6C6C1 /* Function */,
				8F45E0232B10C43A00A6ED66 /* Components */,
				8F45E0152B0E316400A6ED66 /* LabApp.swift */,
				8F45E0172B0E316400A6ED66 /* ContentView.swift */,
				8F45E0192B0E316D00A6ED66 /* Assets.xcassets */,
				8F45E01B2B0E316D00A6ED66 /* Preview Content */,
			);
			path = Lab;
			sourceTree = "<group>";
		};
		8F45E01B2B0E316D00A6ED66 /* Preview Content */ = {
			isa = PBXGroup;
			children = (
				8F45E01C2B0E316D00A6ED66 /* Preview Assets.xcassets */,
			);
			path = "Preview Content";
			sourceTree = "<group>";
		};
		8F45E0232B10C43A00A6ED66 /* Components */ = {
			isa = PBXGroup;
			children = (
				8F45E0242B10C49100A6ED66 /* Font_text.swift */,
			);
			path = Components;
			sourceTree = "<group>";
		};
		8F73DD902B1330CE00B6C6C1 /* Function */ = {
			isa = PBXGroup;
			children = (
				8F73DD912B1330F000B6C6C1 /* Header.swift */,
				8F73DD932B134E5600B6C6C1 /* Card.swift */,
				8F6D1C492B13599F00898A17 /* Search.swift */,
				8F6D1C4D2B13617100898A17 /* Buttons.swift */,
			);
			path = Function;
			sourceTree = "<group>";
		};
/* End PBXGroup section */

/* Begin PBXNativeTarget section */
		8F45E0112B0E316400A6ED66 /* Lab */ = {
			isa = PBXNativeTarget;
			buildConfigurationList = 8F45E0202B0E316D00A6ED66 /* Build configuration list for PBXNativeTarget "Lab" */;
			buildPhases = (
				8F45E00E2B0E316400A6ED66 /* Sources */,
				8F45E00F2B0E316400A6ED66 /* Frameworks */,
				8F45E0102B0E316400A6ED66 /* Resources */,
			);
			buildRules = (
			);
			dependencies = (
			);
			name = Lab;
			productName = Lab;
			productReference = 8F45E0122B0E316400A6ED66 /* Lab.app */;
			productType = "com.apple.product-type.application";
		};
/* End PBXNativeTarget section */

/* Begin PBXProject section */
		8F45E00A2B0E316400A6ED66 /* Project object */ = {
			isa = PBXProject;
			attributes = {
				BuildIndependentTargetsInParallel = 1;
				LastSwiftUpdateCheck = 1430;
				LastUpgradeCheck = 1430;
				TargetAttributes = {
					8F45E0112B0E316400A6ED66 = {
						CreatedOnToolsVersion = 14.3.1;
					};
				};
			};
			buildConfigurationList = 8F45E00D2B0E316400A6ED66 /* Build configuration list for PBXProject "Lab" */;
			compatibilityVersion = "Xcode 14.0";
			developmentRegion = en;
			hasScannedForEncodings = 0;
			knownRegions = (
				en,
				Base,
			);
			mainGroup = 8F45E0092B0E316400A6ED66;
			productRefGroup = 8F45E0132B0E316400A6ED66 /* Products */;
			projectDirPath = "";
			projectRoot = "";
			targets = (
				8F45E0112B0E316400A6ED66 /* Lab */,
			);
		};
/* End PBXProject section */

/* Begin PBXResourcesBuildPhase section */
		8F45E0102B0E316400A6ED66 /* Resources */ = {
			isa = PBXResourcesBuildPhase;
			buildActionMask = 2147483647;
			files = (
				8F45E01D2B0E316D00A6ED66 /* Preview Assets.xcassets in Resources */,
				8F45E01A2B0E316D00A6ED66 /* Assets.xcassets in Resources */,
			);
			runOnlyForDeploymentPostprocessing = 0;
		};
/* End PBXResourcesBuildPhase section */

/* Begin PBXSourcesBuildPhase section */
		8F45E00E2B0E316400A6ED66 /* Sources */ = {
			isa = PBXSourcesBuildPhase;
			buildActionMask = 2147483647;
			files = (
				8F6D1C4E2B13617100898A17 /* Buttons.swift in Sources */,
				8F73DD922B1330F000B6C6C1 /* Header.swift in Sources */,
				8F45E0252B10C49200A6ED66 /* Font_text.swift in Sources */,
				8F73DD942B134E5600B6C6C1 /* Card.swift in Sources */,
				8F6D1C4A2B13599F00898A17 /* Search.swift in Sources */,
				8F45E0182B0E316400A6ED66 /* ContentView.swift in Sources */,
				8F45E0162B0E316400A6ED66 /* LabApp.swift in Sources */,
			);
			runOnlyForDeploymentPostprocessing = 0;
		};
/* End PBXSourcesBuildPhase section */

/* Begin XCBuildConfiguration section */
		8F45E01E2B0E316D00A6ED66 /* Debug */ = {
			isa = XCBuildConfiguration;
			buildSettings = {
				ALWAYS_SEARCH_USER_PATHS = NO;
				CLANG_ANALYZER_NONNULL = YES;
				CLANG_ANALYZER_NUMBER_OBJECT_CONVERSION = YES_AGGRESSIVE;
				CLANG_CXX_LANGUAGE_STANDARD = "gnu++20";
				CLANG_ENABLE_MODULES = YES;
				CLANG_ENABLE_OBJC_ARC = YES;
				CLANG_ENABLE_OBJC_WEAK = YES;
				CLANG_WARN_BLOCK_CAPTURE_AUTORELEASING = YES;
				CLANG_WARN_BOOL_CONVERSION = YES;
				CLANG_WARN_COMMA = YES;
				CLANG_WARN_CONSTANT_CONVERSION = YES;
				CLANG_WARN_DEPRECATED_OBJC_IMPLEMENTATIONS = YES;
				CLANG_WARN_DIRECT_OBJC_ISA_USAGE = YES_ERROR;
				CLANG_WARN_DOCUMENTATION_COMMENTS = YES;
				CLANG_WARN_EMPTY_BODY = YES;
				CLANG_WARN_ENUM_CONVERSION = YES;
				CLANG_WARN_INFINITE_RECURSION = YES;
				CLANG_WARN_INT_CONVERSION = YES;
				CLANG_WARN_NON_LITERAL_NULL_CONVERSION = YES;
				CLANG_WARN_OBJC_IMPLICIT_RETAIN_SELF = YES;
				CLANG_WARN_OBJC_LITERAL_CONVERSION = YES;
				CLANG_WARN_OBJC_ROOT_CLASS = YES_ERROR;
				CLANG_WARN_QUOTED_INCLUDE_IN_FRAMEWORK_HEADER = YES;
				CLANG_WARN_RANGE_LOOP_ANALYSIS = YES;
				CLANG_WARN_STRICT_PROTOTYPES = YES;
				CLANG_WARN_SUSPICIOUS_MOVE = YES;
				CLANG_WARN_UNGUARDED_AVAILABILITY = YES_AGGRESSIVE;
				CLANG_WARN_UNREACHABLE_CODE = YES;
				CLANG_WARN__DUPLICATE_METHOD_MATCH = YES;
				COPY_PHASE_STRIP = NO;
				DEBUG_INFORMATION_FORMAT = dwarf;
				ENABLE_STRICT_OBJC_MSGSEND = YES;
				ENABLE_TESTABILITY = YES;
				GCC_C_LANGUAGE_STANDARD = gnu11;
				GCC_DYNAMIC_NO_PIC = NO;
				GCC_NO_COMMON_BLOCKS = YES;
				GCC_OPTIMIZATION_LEVEL = 0;
				GCC_PREPROCESSOR_DEFINITIONS = (
					"DEBUG=1",
					"$(inherited)",
				);
				GCC_WARN_64_TO_32_BIT_CONVERSION = YES;
				GCC_WARN_ABOUT_RETURN_TYPE = YES_ERROR;
				GCC_WARN_UNDECLARED_SELECTOR = YES;
				GCC_WARN_UNINITIALIZED_AUTOS = YES_AGGRESSIVE;
				GCC_WARN_UNUSED_FUNCTION = YES;
				GCC_WARN_UNUSED_VARIABLE = YES;
				IPHONEOS_DEPLOYMENT_TARGET = 16.4;
				MTL_ENABLE_DEBUG_INFO = INCLUDE_SOURCE;
				MTL_FAST_MATH = YES;
				ONLY_ACTIVE_ARCH = YES;
				SDKROOT = iphoneos;
				SWIFT_ACTIVE_COMPILATION_CONDITIONS = DEBUG;
				SWIFT_OPTIMIZATION_LEVEL = "-Onone";
			};
			name = Debug;
		};
		8F45E01F2B0E316D00A6ED66 /* Release */ = {
			isa = XCBuildConfiguration;
			buildSettings = {
				ALWAYS_SEARCH_USER_PATHS = NO;
				CLANG_ANALYZER_NONNULL = YES;
				CLANG_ANALYZER_NUMBER_OBJECT_CONVERSION = YES_AGGRESSIVE;
				CLANG_CXX_LANGUAGE_STANDARD = "gnu++20";
				CLANG_ENABLE_MODULES = YES;
				CLANG_ENABLE_OBJC_ARC = YES;
				CLANG_ENABLE_OBJC_WEAK = YES;
				CLANG_WARN_BLOCK_CAPTURE_AUTORELEASING = YES;
				CLANG_WARN_BOOL_CONVERSION = YES;
				CLANG_WARN_COMMA = YES;
				CLANG_WARN_CONSTANT_CONVERSION = YES;
				CLANG_WARN_DEPRECATED_OBJC_IMPLEMENTATIONS = YES;
				CLANG_WARN_DIRECT_OBJC_ISA_USAGE = YES_ERROR;
				CLANG_WARN_DOCUMENTATION_COMMENTS = YES;
				CLANG_WARN_EMPTY_BODY = YES;
				CLANG_WARN_ENUM_CONVERSION = YES;
				CLANG_WARN_INFINITE_RECURSION = YES;
				CLANG_WARN_INT_CONVERSION = YES;
				CLANG_WARN_NON_LITERAL_NULL_CONVERSION = YES;
				CLANG_WARN_OBJC_IMPLICIT_RETAIN_SELF = YES;
				CLANG_WARN_OBJC_LITERAL_CONVERSION = YES;
				CLANG_WARN_OBJC_ROOT_CLASS = YES_ERROR;
				CLANG_WARN_QUOTED_INCLUDE_IN_FRAMEWORK_HEADER = YES;
				CLANG_WARN_RANGE_LOOP_ANALYSIS = YES;
				CLANG_WARN_STRICT_PROTOTYPES = YES;
				CLANG_WARN_SUSPICIOUS_MOVE = YES;
				CLANG_WARN_UNGUARDED_AVAILABILITY = YES_AGGRESSIVE;
				CLANG_WARN_UNREACHABLE_CODE = YES;
				CLANG_WARN__DUPLICATE_METHOD_MATCH = YES;
				COPY_PHASE_STRIP = NO;
				DEBUG_INFORMATION_FORMAT = "dwarf-with-dsym";
				ENABLE_NS_ASSERTIONS = NO;
				ENABLE_STRICT_OBJC_MSGSEND = YES;
				GCC_C_LANGUAGE_STANDARD = gnu11;
				GCC_NO_COMMON_BLOCKS = YES;
				GCC_WARN_64_TO_32_BIT_CONVERSION = YES;
				GCC_WARN_ABOUT_RETURN_TYPE = YES_ERROR;
				GCC_WARN_UNDECLARED_SELECTOR = YES;
				GCC_WARN_UNINITIALIZED_AUTOS = YES_AGGRESSIVE;
				GCC_WARN_UNUSED_FUNCTION = YES;
				GCC_WARN_UNUSED_VARIABLE = YES;
				IPHONEOS_DEPLOYMENT_TARGET = 16.4;
				MTL_ENABLE_DEBUG_INFO = NO;
				MTL_FAST_MATH = YES;
				SDKROOT = iphoneos;
				SWIFT_COMPILATION_MODE = wholemodule;
				SWIFT_OPTIMIZATION_LEVEL = "-O";
				VALIDATE_PRODUCT = YES;
			};
			name = Release;
		};
		8F45E0212B0E316D00A6ED66 /* Debug */ = {
			isa = XCBuildConfiguration;
			buildSettings = {
				ASSETCATALOG_COMPILER_APPICON_NAME = AppIcon;
				ASSETCATALOG_COMPILER_GLOBAL_ACCENT_COLOR_NAME = AccentColor;
				CODE_SIGN_STYLE = Automatic;
				CURRENT_PROJECT_VERSION = 1;
				DEVELOPMENT_ASSET_PATHS = "\"Lab/Preview Content\"";
				ENABLE_PREVIEWS = YES;
				GENERATE_INFOPLIST_FILE = YES;
				INFOPLIST_KEY_UIApplicationSceneManifest_Generation = YES;
				INFOPLIST_KEY_UIApplicationSupportsIndirectInputEvents = YES;
				INFOPLIST_KEY_UILaunchScreen_Generation = YES;
				INFOPLIST_KEY_UISupportedInterfaceOrientations_iPad = "UIInterfaceOrientationPortrait UIInterfaceOrientationPortraitUpsideDown UIInterfaceOrientationLandscapeLeft UIInterfaceOrientationLandscapeRight";
				INFOPLIST_KEY_UISupportedInterfaceOrientations_iPhone = "UIInterfaceOrientationPortrait UIInterfaceOrientationLandscapeLeft UIInterfaceOrientationLandscapeRight";
				LD_RUNPATH_SEARCH_PATHS = (
					"$(inherited)",
					"@executable_path/Frameworks",
				);
				MARKETING_VERSION = 1.0;
				PRODUCT_BUNDLE_IDENTIFIER = com.iOSLab.Lab;
				PRODUCT_NAME = "$(TARGET_NAME)";
				SWIFT_EMIT_LOC_STRINGS = YES;
				SWIFT_VERSION = 5.0;
				TARGETED_DEVICE_FAMILY = "1,2";
			};
			name = Debug;
		};
		8F45E0222B0E316D00A6ED66 /* Release */ = {
			isa = XCBuildConfiguration;
			buildSettings = {
				ASSETCATALOG_COMPILER_APPICON_NAME = AppIcon;
				ASSETCATALOG_COMPILER_GLOBAL_ACCENT_COLOR_NAME = AccentColor;
				CODE_SIGN_STYLE = Automatic;
				CURRENT_PROJECT_VERSION = 1;
				DEVELOPMENT_ASSET_PATHS = "\"Lab/Preview Content\"";
				ENABLE_PREVIEWS = YES;
				GENERATE_INFOPLIST_FILE = YES;
				INFOPLIST_KEY_UIApplicationSceneManifest_Generation = YES;
				INFOPLIST_KEY_UIApplicationSupportsIndirectInputEvents = YES;
				INFOPLIST_KEY_UILaunchScreen_Generation = YES;
				INFOPLIST_KEY_UISupportedInterfaceOrientations_iPad = "UIInterfaceOrientationPortrait UIInterfaceOrientationPortraitUpsideDown UIInterfaceOrientationLandscapeLeft UIInterfaceOrientationLandscapeRight";
				INFOPLIST_KEY_UISupportedInterfaceOrientations_iPhone = "UIInterfaceOrientationPortrait UIInterfaceOrientationLandscapeLeft UIInterfaceOrientationLandscapeRight";
				LD_RUNPATH_SEARCH_PATHS = (
					"$(inherited)",
					"@executable_path/Frameworks",
				);
				MARKETING_VERSION = 1.0;
				PRODUCT_BUNDLE_IDENTIFIER = com.iOSLab.Lab;
				PRODUCT_NAME = "$(TARGET_NAME)";
				SWIFT_EMIT_LOC_STRINGS = YES;
				SWIFT_VERSION = 5.0;
				TARGETED_DEVICE_FAMILY = "1,2";
			};
			name = Release;
		};
/* End XCBuildConfiguration section */

/* Begin XCConfigurationList section */
		8F45E00D2B0E316400A6ED66 /* Build configuration list for PBXProject "Lab" */ = {
			isa = XCConfigurationList;
			buildConfigurations = (
				8F45E01E2B0E316D00A6ED66 /* Debug */,
				8F45E01F2B0E316D00A6ED66 /* Release */,
			);
			defaultConfigurationIsVisible = 0;
			defaultConfigurationName = Release;
		};
		8F45E0202B0E316D00A6ED66 /* Build configuration list for PBXNativeTarget "Lab" */ = {
			isa = XCConfigurationList;
			buildConfigurations = (
				8F45E0212B0E316D00A6ED66 /* Debug */,
				8F45E0222B0E316D00A6ED66 /* Release */,
			);
			defaultConfigurationIsVisible = 0;
			defaultConfigurationName = Release;
		};
/* End XCConfigurationList section */
	};
	rootObject = 8F45E00A2B0E316400A6ED66 /* Project object */;
}
